github.com/hanpama/mergeb64 v0.0.0-20191014054438-09620f4cd57a h1:4jit78HQSQZhTr2mUKxtCgvzme8Z+/8nu0fKBnP7HPg=
github.com/hanpama/mergeb64 v0.0.0-20191014054438-09620f4cd57a/go.mod h1:eGsR0cIgBMwCxoSOIKsehi2XU80yZHEN8R9u1aHeb1M=
github.com/knq/snaker v0.0.0-20181215144011-2bc8a4db4687 h1:ZrOZbqW7T2EgLd4soRATeSZrP3ijy2CgNFXG44cUuS8=
github.com/knq/snaker v0.0.0-20181215144011-2bc8a4db4687/go.mod h1:f0Dmq8fkddh8nOsVabYmtOHHdxlq2q4X+LQ1xWQEdUU=
github.com/kr/pretty v0.1.0 h1:L/CwN0zerZDmRFUapSPitk6f+Q3+0za1rQkzVuMiMFI=
github.com/kr/pretty v0.1.0/go.mod h1:dAy3ld7l9f0ibDNOQOHHMYYIIbhfbHSm3C4ZsoJORNo=
github.com/kr/pty v1.1.1/go.mod h1:pFQYn66WHrOpPYNljwOMqo10TkYh1fy3cYio2l3bCsQ=
github.com/kr/text v0.1.0 h1:45sCR5RtlFHMR4UwH9sdQ5TC8v0qDQCHnXt+kaKSTVE=
github.com/kr/text v0.1.0/go.mod h1:4Jbv+DJW3UT/LiOwJeYQe1efqtUx/iVham/4vfdArNI=
github.com/lib/pq v1.2.0 h1:LXpIM/LZ5xGFhOpXAQUIMM1HdyqzVYM13zNdjCEEcA0=
github.com/lib/pq v1.2.0/go.mod h1:5WUZQaWbwv1U+lTReE5YruASi9Al49XbQIvNi/34Woo=
